// !$*UTF8*$!
{
	archiveVersion = 1;
	classes = {
	};
	objectVersion = 50;
	objects = {

/* Begin PBXBuildFile section */
		B95B6559220181D9006EC636 /* MLWebView.m in Sources */ = {isa = PBXBuildFile; fileRef = B95B6558220181D9006EC636 /* MLWebView.m */; };
		B95B655E2201893A006EC636 /* MLRequestItem.m in Sources */ = {isa = PBXBuildFile; fileRef = B95B655D2201893A006EC636 /* MLRequestItem.m */; };
		B95B656122018B3E006EC636 /* MLHTTPRequest.m in Sources */ = {isa = PBXBuildFile; fileRef = B95B656022018B3E006EC636 /* MLHTTPRequest.m */; };
		B95B656522019696006EC636 /* UIApplication+MLHook.m in Sources */ = {isa = PBXBuildFile; fileRef = B95B656422019696006EC636 /* UIApplication+MLHook.m */; };
		B95B656822019AB2006EC636 /* UIViewController+MLHook.m in Sources */ = {isa = PBXBuildFile; fileRef = B95B656722019AB2006EC636 /* UIViewController+MLHook.m */; };
		B95B656B22019F11006EC636 /* UINavigationController+MLHook.m in Sources */ = {isa = PBXBuildFile; fileRef = B95B656A22019F11006EC636 /* UINavigationController+MLHook.m */; };
		B95B656F2201A177006EC636 /* MLStatisticsAPI.m in Sources */ = {isa = PBXBuildFile; fileRef = B95B656E2201A177006EC636 /* MLStatisticsAPI.m */; };
		B99B60C5220290F000B7D1DA /* MLInstance.m in Sources */ = {isa = PBXBuildFile; fileRef = B99B60C4220290F000B7D1DA /* MLInstance.m */; };
		B99B60C82202941000B7D1DA /* MLUtility.m in Sources */ = {isa = PBXBuildFile; fileRef = B99B60C72202941000B7D1DA /* MLUtility.m */; };
		B99B60CB22029E9A00B7D1DA /* MLCrashHandler.m in Sources */ = {isa = PBXBuildFile; fileRef = B99B60CA22029E9A00B7D1DA /* MLCrashHandler.m */; };
		B99B60D12202A1FC00B7D1DA /* MLAnalyse.m in Sources */ = {isa = PBXBuildFile; fileRef = B99B60D02202A1FC00B7D1DA /* MLAnalyse.m */; };
		B99B60D72202D37200B7D1DA /* MLSqliteModel.m in Sources */ = {isa = PBXBuildFile; fileRef = B99B60D62202D37200B7D1DA /* MLSqliteModel.m */; };
		B99B60DA2202D3A400B7D1DA /* MLSqliteUtility.m in Sources */ = {isa = PBXBuildFile; fileRef = B99B60D92202D3A400B7D1DA /* MLSqliteUtility.m */; };
		B9D2328021FEF97800562A5D /* AppDelegate.m in Sources */ = {isa = PBXBuildFile; fileRef = B9D2327F21FEF97800562A5D /* AppDelegate.m */; };
		B9D2328321FEF97800562A5D /* ViewController.m in Sources */ = {isa = PBXBuildFile; fileRef = B9D2328221FEF97800562A5D /* ViewController.m */; };
		B9D2328621FEF97800562A5D /* Main.storyboard in Resources */ = {isa = PBXBuildFile; fileRef = B9D2328421FEF97800562A5D /* Main.storyboard */; };
		B9D2328821FEF97900562A5D /* Assets.xcassets in Resources */ = {isa = PBXBuildFile; fileRef = B9D2328721FEF97900562A5D /* Assets.xcassets */; };
		B9D2328B21FEF97900562A5D /* LaunchScreen.storyboard in Resources */ = {isa = PBXBuildFile; fileRef = B9D2328921FEF97900562A5D /* LaunchScreen.storyboard */; };
		B9D2328E21FEF97900562A5D /* main.m in Sources */ = {isa = PBXBuildFile; fileRef = B9D2328D21FEF97900562A5D /* main.m */; };
		B9FCADE82202E2C800ABCCD0 /* MLHookURLSession.m in Sources */ = {isa = PBXBuildFile; fileRef = B9FCADE72202E2C800ABCCD0 /* MLHookURLSession.m */; };
/* End PBXBuildFile section */

/* Begin PBXFileReference section */
		B95B6557220181D9006EC636 /* MLWebView.h */ = {isa = PBXFileReference; lastKnownFileType = sourcecode.c.h; path = MLWebView.h; sourceTree = "<group>"; };
		B95B6558220181D9006EC636 /* MLWebView.m */ = {isa = PBXFileReference; lastKnownFileType = sourcecode.c.objc; path = MLWebView.m; sourceTree = "<group>"; };
		B95B655A220184D6006EC636 /* Macro.h */ = {isa = PBXFileReference; lastKnownFileType = sourcecode.c.h; path = Macro.h; sourceTree = "<group>"; };
		B95B655C2201893A006EC636 /* MLRequestItem.h */ = {isa = PBXFileReference; lastKnownFileType = sourcecode.c.h; path = MLRequestItem.h; sourceTree = "<group>"; };
		B95B655D2201893A006EC636 /* MLRequestItem.m */ = {isa = PBXFileReference; lastKnownFileType = sourcecode.c.objc; path = MLRequestItem.m; sourceTree = "<group>"; };
		B95B655F22018B3E006EC636 /* MLHTTPRequest.h */ = {isa = PBXFileReference; lastKnownFileType = sourcecode.c.h; path = MLHTTPRequest.h; sourceTree = "<group>"; };
		B95B656022018B3E006EC636 /* MLHTTPRequest.m */ = {isa = PBXFileReference; lastKnownFileType = sourcecode.c.objc; path = MLHTTPRequest.m; sourceTree = "<group>"; };
		B95B656322019696006EC636 /* UIApplication+MLHook.h */ = {isa = PBXFileReference; lastKnownFileType = sourcecode.c.h; path = "UIApplication+MLHook.h"; sourceTree = "<group>"; };
		B95B656422019696006EC636 /* UIApplication+MLHook.m */ = {isa = PBXFileReference; lastKnownFileType = sourcecode.c.objc; path = "UIApplication+MLHook.m"; sourceTree = "<group>"; };
		B95B656622019AB2006EC636 /* UIViewController+MLHook.h */ = {isa = PBXFileReference; lastKnownFileType = sourcecode.c.h; path = "UIViewController+MLHook.h"; sourceTree = "<group>"; };
		B95B656722019AB2006EC636 /* UIViewController+MLHook.m */ = {isa = PBXFileReference; lastKnownFileType = sourcecode.c.objc; path = "UIViewController+MLHook.m"; sourceTree = "<group>"; };
		B95B656922019F11006EC636 /* UINavigationController+MLHook.h */ = {isa = PBXFileReference; lastKnownFileType = sourcecode.c.h; path = "UINavigationController+MLHook.h"; sourceTree = "<group>"; };
		B95B656A22019F11006EC636 /* UINavigationController+MLHook.m */ = {isa = PBXFileReference; lastKnownFileType = sourcecode.c.objc; path = "UINavigationController+MLHook.m"; sourceTree = "<group>"; };
		B95B656D2201A177006EC636 /* MLStatisticsAPI.h */ = {isa = PBXFileReference; lastKnownFileType = sourcecode.c.h; path = MLStatisticsAPI.h; sourceTree = "<group>"; };
		B95B656E2201A177006EC636 /* MLStatisticsAPI.m */ = {isa = PBXFileReference; lastKnownFileType = sourcecode.c.objc; path = MLStatisticsAPI.m; sourceTree = "<group>"; };
		B99B60C3220290F000B7D1DA /* MLInstance.h */ = {isa = PBXFileReference; lastKnownFileType = sourcecode.c.h; path = MLInstance.h; sourceTree = "<group>"; };
		B99B60C4220290F000B7D1DA /* MLInstance.m */ = {isa = PBXFileReference; lastKnownFileType = sourcecode.c.objc; path = MLInstance.m; sourceTree = "<group>"; };
		B99B60C62202941000B7D1DA /* MLUtility.h */ = {isa = PBXFileReference; lastKnownFileType = sourcecode.c.h; path = MLUtility.h; sourceTree = "<group>"; };
		B99B60C72202941000B7D1DA /* MLUtility.m */ = {isa = PBXFileReference; lastKnownFileType = sourcecode.c.objc; path = MLUtility.m; sourceTree = "<group>"; };
		B99B60C922029E9A00B7D1DA /* MLCrashHandler.h */ = {isa = PBXFileReference; lastKnownFileType = sourcecode.c.h; path = MLCrashHandler.h; sourceTree = "<group>"; };
		B99B60CA22029E9A00B7D1DA /* MLCrashHandler.m */ = {isa = PBXFileReference; lastKnownFileType = sourcecode.c.objc; path = MLCrashHandler.m; sourceTree = "<group>"; };
		B99B60CF2202A1FC00B7D1DA /* MLAnalyse.h */ = {isa = PBXFileReference; lastKnownFileType = sourcecode.c.h; path = MLAnalyse.h; sourceTree = "<group>"; };
		B99B60D02202A1FC00B7D1DA /* MLAnalyse.m */ = {isa = PBXFileReference; lastKnownFileType = sourcecode.c.objc; path = MLAnalyse.m; sourceTree = "<group>"; };
		B99B60D52202D37200B7D1DA /* MLSqliteModel.h */ = {isa = PBXFileReference; lastKnownFileType = sourcecode.c.h; path = MLSqliteModel.h; sourceTree = "<group>"; };
		B99B60D62202D37200B7D1DA /* MLSqliteModel.m */ = {isa = PBXFileReference; lastKnownFileType = sourcecode.c.objc; path = MLSqliteModel.m; sourceTree = "<group>"; };
		B99B60D82202D3A400B7D1DA /* MLSqliteUtility.h */ = {isa = PBXFileReference; lastKnownFileType = sourcecode.c.h; path = MLSqliteUtility.h; sourceTree = "<group>"; };
		B99B60D92202D3A400B7D1DA /* MLSqliteUtility.m */ = {isa = PBXFileReference; lastKnownFileType = sourcecode.c.objc; path = MLSqliteUtility.m; sourceTree = "<group>"; };
		B9D2327B21FEF97800562A5D /* iOS-FoundationKit.app */ = {isa = PBXFileReference; explicitFileType = wrapper.application; includeInIndex = 0; path = "iOS-FoundationKit.app"; sourceTree = BUILT_PRODUCTS_DIR; };
		B9D2327E21FEF97800562A5D /* AppDelegate.h */ = {isa = PBXFileReference; lastKnownFileType = sourcecode.c.h; path = AppDelegate.h; sourceTree = "<group>"; };
		B9D2327F21FEF97800562A5D /* AppDelegate.m */ = {isa = PBXFileReference; lastKnownFileType = sourcecode.c.objc; path = AppDelegate.m; sourceTree = "<group>"; };
		B9D2328121FEF97800562A5D /* ViewController.h */ = {isa = PBXFileReference; lastKnownFileType = sourcecode.c.h; path = ViewController.h; sourceTree = "<group>"; };
		B9D2328221FEF97800562A5D /* ViewController.m */ = {isa = PBXFileReference; lastKnownFileType = sourcecode.c.objc; path = ViewController.m; sourceTree = "<group>"; };
		B9D2328521FEF97800562A5D /* Base */ = {isa = PBXFileReference; lastKnownFileType = file.storyboard; name = Base; path = Base.lproj/Main.storyboard; sourceTree = "<group>"; };
		B9D2328721FEF97900562A5D /* Assets.xcassets */ = {isa = PBXFileReference; lastKnownFileType = folder.assetcatalog; path = Assets.xcassets; sourceTree = "<group>"; };
		B9D2328A21FEF97900562A5D /* Base */ = {isa = PBXFileReference; lastKnownFileType = file.storyboard; name = Base; path = Base.lproj/LaunchScreen.storyboard; sourceTree = "<group>"; };
		B9D2328C21FEF97900562A5D /* Info.plist */ = {isa = PBXFileReference; lastKnownFileType = text.plist.xml; path = Info.plist; sourceTree = "<group>"; };
		B9D2328D21FEF97900562A5D /* main.m */ = {isa = PBXFileReference; lastKnownFileType = sourcecode.c.objc; path = main.m; sourceTree = "<group>"; };
		B9FCADE62202E2C800ABCCD0 /* MLHookURLSession.h */ = {isa = PBXFileReference; lastKnownFileType = sourcecode.c.h; path = MLHookURLSession.h; sourceTree = "<group>"; };
		B9FCADE72202E2C800ABCCD0 /* MLHookURLSession.m */ = {isa = PBXFileReference; lastKnownFileType = sourcecode.c.objc; path = MLHookURLSession.m; sourceTree = "<group>"; };
/* End PBXFileReference section */

/* Begin PBXFrameworksBuildPhase section */
		B9D2327821FEF97800562A5D /* Frameworks */ = {
			isa = PBXFrameworksBuildPhase;
			buildActionMask = 2147483647;
			files = (
			);
			runOnlyForDeploymentPostprocessing = 0;
		};
/* End PBXFrameworksBuildPhase section */

/* Begin PBXGroup section */
		B95B65562201819D006EC636 /* MLViewKit */ = {
			isa = PBXGroup;
			children = (
				B95B6557220181D9006EC636 /* MLWebView.h */,
				B95B6558220181D9006EC636 /* MLWebView.m */,
			);
			path = MLViewKit;
			sourceTree = "<group>";
		};
		B95B655B2201890D006EC636 /* MLHTTP */ = {
			isa = PBXGroup;
			children = (
				B95B655C2201893A006EC636 /* MLRequestItem.h */,
				B95B655D2201893A006EC636 /* MLRequestItem.m */,
				B95B655F22018B3E006EC636 /* MLHTTPRequest.h */,
				B95B656022018B3E006EC636 /* MLHTTPRequest.m */,
			);
			path = MLHTTP;
			sourceTree = "<group>";
		};
		B95B656222019674006EC636 /* MLHook */ = {
			isa = PBXGroup;
			children = (
				B95B656322019696006EC636 /* UIApplication+MLHook.h */,
				B95B656422019696006EC636 /* UIApplication+MLHook.m */,
				B95B656622019AB2006EC636 /* UIViewController+MLHook.h */,
				B95B656722019AB2006EC636 /* UIViewController+MLHook.m */,
				B95B656922019F11006EC636 /* UINavigationController+MLHook.h */,
				B95B656A22019F11006EC636 /* UINavigationController+MLHook.m */,
			);
			path = MLHook;
			sourceTree = "<group>";
		};
		B95B656C2201A0BD006EC636 /* MLStatistics */ = {
			isa = PBXGroup;
			children = (
				B95B656D2201A177006EC636 /* MLStatisticsAPI.h */,
				B95B656E2201A177006EC636 /* MLStatisticsAPI.m */,
				B99B60C922029E9A00B7D1DA /* MLCrashHandler.h */,
				B99B60CA22029E9A00B7D1DA /* MLCrashHandler.m */,
				B99B60CF2202A1FC00B7D1DA /* MLAnalyse.h */,
				B99B60D02202A1FC00B7D1DA /* MLAnalyse.m */,
				B9FCADE62202E2C800ABCCD0 /* MLHookURLSession.h */,
				B9FCADE72202E2C800ABCCD0 /* MLHookURLSession.m */,
				B99B60D82202D3A400B7D1DA /* MLSqliteUtility.h */,
				B99B60D92202D3A400B7D1DA /* MLSqliteUtility.m */,
				B99B60D52202D37200B7D1DA /* MLSqliteModel.h */,
				B99B60D62202D37200B7D1DA /* MLSqliteModel.m */,
				B99B60C3220290F000B7D1DA /* MLInstance.h */,
				B99B60C4220290F000B7D1DA /* MLInstance.m */,
				B99B60C62202941000B7D1DA /* MLUtility.h */,
				B99B60C72202941000B7D1DA /* MLUtility.m */,
			);
			path = MLStatistics;
			sourceTree = "<group>";
		};
		B9D2327221FEF97800562A5D = {
			isa = PBXGroup;
			children = (
				B9D2327D21FEF97800562A5D /* iOS-FoundationKit */,
				B9D2327C21FEF97800562A5D /* Products */,
			);
			sourceTree = "<group>";
		};
		B9D2327C21FEF97800562A5D /* Products */ = {
			isa = PBXGroup;
			children = (
				B9D2327B21FEF97800562A5D /* iOS-FoundationKit.app */,
			);
			name = Products;
			sourceTree = "<group>";
		};
		B9D2327D21FEF97800562A5D /* iOS-FoundationKit */ = {
			isa = PBXGroup;
			children = (
				B9D2327E21FEF97800562A5D /* AppDelegate.h */,
				B9D2327F21FEF97800562A5D /* AppDelegate.m */,
				B9D2328121FEF97800562A5D /* ViewController.h */,
				B9D2328221FEF97800562A5D /* ViewController.m */,
				B95B655A220184D6006EC636 /* Macro.h */,
				B95B656C2201A0BD006EC636 /* MLStatistics */,
				B95B656222019674006EC636 /* MLHook */,
				B95B65562201819D006EC636 /* MLViewKit */,
				B95B655B2201890D006EC636 /* MLHTTP */,
				B9D2328421FEF97800562A5D /* Main.storyboard */,
				B9D2328721FEF97900562A5D /* Assets.xcassets */,
				B9D2328921FEF97900562A5D /* LaunchScreen.storyboard */,
				B9D2328C21FEF97900562A5D /* Info.plist */,
				B9D2328D21FEF97900562A5D /* main.m */,
			);
			path = "iOS-FoundationKit";
			sourceTree = "<group>";
		};
/* End PBXGroup section */

/* Begin PBXNativeTarget section */
		B9D2327A21FEF97800562A5D /* iOS-FoundationKit */ = {
			isa = PBXNativeTarget;
			buildConfigurationList = B9D2329121FEF97900562A5D /* Build configuration list for PBXNativeTarget "iOS-FoundationKit" */;
			buildPhases = (
				B9D2327721FEF97800562A5D /* Sources */,
				B9D2327821FEF97800562A5D /* Frameworks */,
				B9D2327921FEF97800562A5D /* Resources */,
			);
			buildRules = (
			);
			dependencies = (
			);
			name = "iOS-FoundationKit";
			productName = "iOS-FoundationKit";
			productReference = B9D2327B21FEF97800562A5D /* iOS-FoundationKit.app */;
			productType = "com.apple.product-type.application";
		};
/* End PBXNativeTarget section */

/* Begin PBXProject section */
		B9D2327321FEF97800562A5D /* Project object */ = {
			isa = PBXProject;
			attributes = {
				LastUpgradeCheck = 0940;
				ORGANIZATIONNAME = luoty;
				TargetAttributes = {
					B9D2327A21FEF97800562A5D = {
						CreatedOnToolsVersion = 9.4.1;
					};
				};
			};
			buildConfigurationList = B9D2327621FEF97800562A5D /* Build configuration list for PBXProject "iOS-FoundationKit" */;
			compatibilityVersion = "Xcode 9.3";
			developmentRegion = en;
			hasScannedForEncodings = 0;
			knownRegions = (
				en,
				Base,
			);
			mainGroup = B9D2327221FEF97800562A5D;
			productRefGroup = B9D2327C21FEF97800562A5D /* Products */;
			projectDirPath = "";
			projectRoot = "";
			targets = (
				B9D2327A21FEF97800562A5D /* iOS-FoundationKit */,
			);
		};
/* End PBXProject section */

/* Begin PBXResourcesBuildPhase section */
		B9D2327921FEF97800562A5D /* Resources */ = {
			isa = PBXResourcesBuildPhase;
			buildActionMask = 2147483647;
			files = (
				B9D2328B21FEF97900562A5D /* LaunchScreen.storyboard in Resources */,
				B9D2328821FEF97900562A5D /* Assets.xcassets in Resources */,
				B9D2328621FEF97800562A5D /* Main.storyboard in Resources */,
			);
			runOnlyForDeploymentPostprocessing = 0;
		};
/* End PBXResourcesBuildPhase section */

/* Begin PBXSourcesBuildPhase section */
		B9D2327721FEF97800562A5D /* Sources */ = {
			isa = PBXSourcesBuildPhase;
			buildActionMask = 2147483647;
			files = (
				B99B60D12202A1FC00B7D1DA /* MLAnalyse.m in Sources */,
				B95B655E2201893A006EC636 /* MLRequestItem.m in Sources */,
				B95B656B22019F11006EC636 /* UINavigationController+MLHook.m in Sources */,
				B95B656F2201A177006EC636 /* MLStatisticsAPI.m in Sources */,
				B99B60C82202941000B7D1DA /* MLUtility.m in Sources */,
				B95B6559220181D9006EC636 /* MLWebView.m in Sources */,
				B95B656122018B3E006EC636 /* MLHTTPRequest.m in Sources */,
				B99B60D72202D37200B7D1DA /* MLSqliteModel.m in Sources */,
				B9D2328321FEF97800562A5D /* ViewController.m in Sources */,
				B99B60CB22029E9A00B7D1DA /* MLCrashHandler.m in Sources */,
				B9D2328E21FEF97900562A5D /* main.m in Sources */,
				B99B60DA2202D3A400B7D1DA /* MLSqliteUtility.m in Sources */,
				B9FCADE82202E2C800ABCCD0 /* MLHookURLSession.m in Sources */,
				B9D2328021FEF97800562A5D /* AppDelegate.m in Sources */,
				B95B656822019AB2006EC636 /* UIViewController+MLHook.m in Sources */,
				B99B60C5220290F000B7D1DA /* MLInstance.m in Sources */,
				B95B656522019696006EC636 /* UIApplication+MLHook.m in Sources */,
			);
			runOnlyForDeploymentPostprocessing = 0;
		};
/* End PBXSourcesBuildPhase section */

/* Begin PBXVariantGroup section */
		B9D2328421FEF97800562A5D /* Main.storyboard */ = {
			isa = PBXVariantGroup;
			children = (
				B9D2328521FEF97800562A5D /* Base */,
			);
			name = Main.storyboard;
			sourceTree = "<group>";
		};
		B9D2328921FEF97900562A5D /* LaunchScreen.storyboard */ = {
			isa = PBXVariantGroup;
			children = (
				B9D2328A21FEF97900562A5D /* Base */,
			);
			name = LaunchScreen.storyboard;
			sourceTree = "<group>";
		};
/* End PBXVariantGroup section */

/* Begin XCBuildConfiguration section */
		B9D2328F21FEF97900562A5D /* Debug */ = {
			isa = XCBuildConfiguration;
			buildSettings = {
				ALWAYS_SEARCH_USER_PATHS = NO;
				CLANG_ANALYZER_NONNULL = YES;
				CLANG_ANALYZER_NUMBER_OBJECT_CONVERSION = YES_AGGRESSIVE;
				CLANG_CXX_LANGUAGE_STANDARD = "gnu++14";
				CLANG_CXX_LIBRARY = "libc++";
				CLANG_ENABLE_MODULES = YES;
				CLANG_ENABLE_OBJC_ARC = YES;
				CLANG_ENABLE_OBJC_WEAK = YES;
				CLANG_WARN_BLOCK_CAPTURE_AUTORELEASING = YES;
				CLANG_WARN_BOOL_CONVERSION = YES;
				CLANG_WARN_COMMA = YES;
				CLANG_WARN_CONSTANT_CONVERSION = YES;
				CLANG_WARN_DEPRECATED_OBJC_IMPLEMENTATIONS = YES;
				CLANG_WARN_DIRECT_OBJC_ISA_USAGE = YES_ERROR;
				CLANG_WARN_DOCUMENTATION_COMMENTS = YES;
				CLANG_WARN_EMPTY_BODY = YES;
				CLANG_WARN_ENUM_CONVERSION = YES;
				CLANG_WARN_INFINITE_RECURSION = YES;
				CLANG_WARN_INT_CONVERSION = YES;
				CLANG_WARN_NON_LITERAL_NULL_CONVERSION = YES;
				CLANG_WARN_OBJC_IMPLICIT_RETAIN_SELF = YES;
				CLANG_WARN_OBJC_LITERAL_CONVERSION = YES;
				CLANG_WARN_OBJC_ROOT_CLASS = YES_ERROR;
				CLANG_WARN_RANGE_LOOP_ANALYSIS = YES;
				CLANG_WARN_STRICT_PROTOTYPES = YES;
				CLANG_WARN_SUSPICIOUS_MOVE = YES;
				CLANG_WARN_UNGUARDED_AVAILABILITY = YES_AGGRESSIVE;
				CLANG_WARN_UNREACHABLE_CODE = YES;
				CLANG_WARN__DUPLICATE_METHOD_MATCH = YES;
				CODE_SIGN_IDENTITY = "iPhone Developer";
				COPY_PHASE_STRIP = NO;
				DEBUG_INFORMATION_FORMAT = dwarf;
				ENABLE_STRICT_OBJC_MSGSEND = YES;
				ENABLE_TESTABILITY = YES;
				GCC_C_LANGUAGE_STANDARD = gnu11;
				GCC_DYNAMIC_NO_PIC = NO;
				GCC_NO_COMMON_BLOCKS = YES;
				GCC_OPTIMIZATION_LEVEL = 0;
				GCC_PREPROCESSOR_DEFINITIONS = (
					"DEBUG=1",
					"$(inherited)",
				);
				GCC_WARN_64_TO_32_BIT_CONVERSION = YES;
				GCC_WARN_ABOUT_RETURN_TYPE = YES_ERROR;
				GCC_WARN_UNDECLARED_SELECTOR = YES;
				GCC_WARN_UNINITIALIZED_AUTOS = YES_AGGRESSIVE;
				GCC_WARN_UNUSED_FUNCTION = YES;
				GCC_WARN_UNUSED_VARIABLE = YES;
				IPHONEOS_DEPLOYMENT_TARGET = 9.0;
				MTL_ENABLE_DEBUG_INFO = YES;
				ONLY_ACTIVE_ARCH = YES;
				SDKROOT = iphoneos;
			};
			name = Debug;
		};
		B9D2329021FEF97900562A5D /* Release */ = {
			isa = XCBuildConfiguration;
			buildSettings = {
				ALWAYS_SEARCH_USER_PATHS = NO;
				CLANG_ANALYZER_NONNULL = YES;
				CLANG_ANALYZER_NUMBER_OBJECT_CONVERSION = YES_AGGRESSIVE;
				CLANG_CXX_LANGUAGE_STANDARD = "gnu++14";
				CLANG_CXX_LIBRARY = "libc++";
				CLANG_ENABLE_MODULES = YES;
				CLANG_ENABLE_OBJC_ARC = YES;
				CLANG_ENABLE_OBJC_WEAK = YES;
				CLANG_WARN_BLOCK_CAPTURE_AUTORELEASING = YES;
				CLANG_WARN_BOOL_CONVERSION = YES;
				CLANG_WARN_COMMA = YES;
				CLANG_WARN_CONSTANT_CONVERSION = YES;
				CLANG_WARN_DEPRECATED_OBJC_IMPLEMENTATIONS = YES;
				CLANG_WARN_DIRECT_OBJC_ISA_USAGE = YES_ERROR;
				CLANG_WARN_DOCUMENTATION_COMMENTS = YES;
				CLANG_WARN_EMPTY_BODY = YES;
				CLANG_WARN_ENUM_CONVERSION = YES;
				CLANG_WARN_INFINITE_RECURSION = YES;
				CLANG_WARN_INT_CONVERSION = YES;
				CLANG_WARN_NON_LITERAL_NULL_CONVERSION = YES;
				CLANG_WARN_OBJC_IMPLICIT_RETAIN_SELF = YES;
				CLANG_WARN_OBJC_LITERAL_CONVERSION = YES;
				CLANG_WARN_OBJC_ROOT_CLASS = YES_ERROR;
				CLANG_WARN_RANGE_LOOP_ANALYSIS = YES;
				CLANG_WARN_STRICT_PROTOTYPES = YES;
				CLANG_WARN_SUSPICIOUS_MOVE = YES;
				CLANG_WARN_UNGUARDED_AVAILABILITY = YES_AGGRESSIVE;
				CLANG_WARN_UNREACHABLE_CODE = YES;
				CLANG_WARN__DUPLICATE_METHOD_MATCH = YES;
				CODE_SIGN_IDENTITY = "iPhone Developer";
				COPY_PHASE_STRIP = NO;
				DEBUG_INFORMATION_FORMAT = "dwarf-with-dsym";
				ENABLE_NS_ASSERTIONS = NO;
				ENABLE_STRICT_OBJC_MSGSEND = YES;
				GCC_C_LANGUAGE_STANDARD = gnu11;
				GCC_NO_COMMON_BLOCKS = YES;
				GCC_WARN_64_TO_32_BIT_CONVERSION = YES;
				GCC_WARN_ABOUT_RETURN_TYPE = YES_ERROR;
				GCC_WARN_UNDECLARED_SELECTOR = YES;
				GCC_WARN_UNINITIALIZED_AUTOS = YES_AGGRESSIVE;
				GCC_WARN_UNUSED_FUNCTION = YES;
				GCC_WARN_UNUSED_VARIABLE = YES;
				IPHONEOS_DEPLOYMENT_TARGET = 9.0;
				MTL_ENABLE_DEBUG_INFO = NO;
				SDKROOT = iphoneos;
				VALIDATE_PRODUCT = YES;
			};
			name = Release;
		};
		B9D2329221FEF97900562A5D /* Debug */ = {
			isa = XCBuildConfiguration;
			buildSettings = {
				ASSETCATALOG_COMPILER_APPICON_NAME = AppIcon;
				CODE_SIGN_STYLE = Automatic;
				DEVELOPMENT_TEAM = XDTC35G268;
				INFOPLIST_FILE = "iOS-FoundationKit/Info.plist";
				LD_RUNPATH_SEARCH_PATHS = (
					"$(inherited)",
					"@executable_path/Frameworks",
				);
				PRODUCT_BUNDLE_IDENTIFIER = com.luoty.test;
				PRODUCT_NAME = "$(TARGET_NAME)";
				TARGETED_DEVICE_FAMILY = 1;
			};
			name = Debug;
		};
		B9D2329321FEF97900562A5D /* Release */ = {
			isa = XCBuildConfiguration;
			buildSettings = {
				ASSETCATALOG_COMPILER_APPICON_NAME = AppIcon;
				CODE_SIGN_STYLE = Automatic;
				DEVELOPMENT_TEAM = XDTC35G268;
				INFOPLIST_FILE = "iOS-FoundationKit/Info.plist";
				LD_RUNPATH_SEARCH_PATHS = (
					"$(inherited)",
					"@executable_path/Frameworks",
				);
				PRODUCT_BUNDLE_IDENTIFIER = com.luoty.test;
				PRODUCT_NAME = "$(TARGET_NAME)";
				TARGETED_DEVICE_FAMILY = 1;
			};
			name = Release;
		};
/* End XCBuildConfiguration section */

/* Begin XCConfigurationList section */
		B9D2327621FEF97800562A5D /* Build configuration list for PBXProject "iOS-FoundationKit" */ = {
			isa = XCConfigurationList;
			buildConfigurations = (
				B9D2328F21FEF97900562A5D /* Debug */,
				B9D2329021FEF97900562A5D /* Release */,
			);
			defaultConfigurationIsVisible = 0;
			defaultConfigurationName = Release;
		};
		B9D2329121FEF97900562A5D /* Build configuration list for PBXNativeTarget "iOS-FoundationKit" */ = {
			isa = XCConfigurationList;
			buildConfigurations = (
				B9D2329221FEF97900562A5D /* Debug */,
				B9D2329321FEF97900562A5D /* Release */,
			);
			defaultConfigurationIsVisible = 0;
			defaultConfigurationName = Release;
		};
/* End XCConfigurationList section */
	};
	rootObject = B9D2327321FEF97800562A5D /* Project object */;
}
